
Microsoft Visual Studio Solution File, Format Version 12.00
# Visual Studio 15
VisualStudioVersion = 15.0.26430.6
MinimumVisualStudioVersion = 10.0.40219.1
Project("{FAE04EC0-301F-11D3-BF4B-00C04F79EFBC}") = "ServiceHubConsumer", "ServiceHubConsumer\ServiceHubConsumer.csproj", "{14482401-9E09-4F13-8EAA-4097436E0F27}"
EndProject
Project("{FAE04EC0-301F-11D3-BF4B-00C04F79EFBC}") = "ServiceHubCreator", "ServiceHubCreator\ServiceHubCreator.csproj", "{660B0593-68C8-45A8-80CE-4A9C5C8416F1}"
EndProject
Global
	GlobalSection(SolutionConfigurationPlatforms) = preSolution
		Debug|Any CPU = Debug|Any CPU
		Release|Any CPU = Release|Any CPU
	EndGlobalSection
	GlobalSection(ProjectConfigurationPlatforms) = postSolution
		{14482401-9E09-4F13-8EAA-4097436E0F27}.Debug|Any CPU.ActiveCfg = Debug|Any CPU
		{14482401-9E09-4F13-8EAA-4097436E0F27}.Debug|Any CPU.Build.0 = Debug|Any CPU
		{14482401-9E09-4F13-8EAA-4097436E0F27}.Release|Any CPU.ActiveCfg = Release|Any CPU
		{14482401-9E09-4F13-8EAA-4097436E0F27}.Release|Any CPU.Build.0 = Release|Any CPU
		{660B0593-68C8-45A8-80CE-4A9C5C8416F1}.Debug|Any CPU.ActiveCfg = Debug|Any CPU
		{660B0593-68C8-45A8-80CE-4A9C5C8416F1}.Debug|Any CPU.Build.0 = Debug|Any CPU
		{660B0593-68C8-45A8-80CE-4A9C5C8416F1}.Release|Any CPU.ActiveCfg = Release|Any CPU
		{660B0593-68C8-45A8-80CE-4A9C5C8416F1}.Release|Any CPU.Build.0 = Release|Any CPU
	EndGlobalSection
	GlobalSection(SolutionProperties) = preSolution
		HideSolutionNode = FALSE
	EndGlobalSection
EndGlobal
